
Microsoft Visual Studio Solution File, Format Version 12.00
# Visual Studio Version 16
VisualStudioVersion = 16.0.30011.22
MinimumVisualStudioVersion = 10.0.40219.1
Project("{FAE04EC0-301F-11D3-BF4B-00C04F79EFBC}") = "NetCoreMovies", "NetCoreMovies.csproj", "{99B63BFC-CBB9-4161-9AF2-483F0C565DDE}"
EndProject
Global
	GlobalSection(SolutionConfigurationPlatforms) = preSolution
		Debug|Any CPU = Debug|Any CPU
		Release|Any CPU = Release|Any CPU
	EndGlobalSection
	GlobalSection(ProjectConfigurationPlatforms) = postSolution
		{99B63BFC-CBB9-4161-9AF2-483F0C565DDE}.Debug|Any CPU.ActiveCfg = Debug|Any CPU
		{99B63BFC-CBB9-4161-9AF2-483F0C565DDE}.Debug|Any CPU.Build.0 = Debug|Any CPU
		{99B63BFC-CBB9-4161-9AF2-483F0C565DDE}.Release|Any CPU.ActiveCfg = Release|Any CPU
		{99B63BFC-CBB9-4161-9AF2-483F0C565DDE}.Release|Any CPU.Build.0 = Release|Any CPU
	EndGlobalSection
	GlobalSection(SolutionProperties) = preSolution
		HideSolutionNode = FALSE
	EndGlobalSection
	GlobalSection(ExtensibilityGlobals) = postSolution
		SolutionGuid = {772D22B9-9872-4385-969A-3754E6E59A38}
	EndGlobalSection
EndGlobal
